<?xml version="1.0" encoding="utf-8"?>
<Project ToolsVersion="4.0" xmlns="http://schemas.microsoft.com/developer/msbuild/2003">
  <ItemGroup>
    <Filter Include="Source Files">
      <UniqueIdentifier>{4FC737F1-C7A5-4376-A066-2A32D752A2FF}</UniqueIdentifier>
      <Extensions>cpp;c;cc;cxx;def;odl;idl;hpj;bat;asm;asmx</Extensions>
    </Filter>
    <Filter Include="Header Files">
      <UniqueIdentifier>{93995380-89BD-4b04-88EB-625FBE52EBFB}</UniqueIdentifier>
      <Extensions>h;hh;hpp;hxx;hm;inl;inc;xsd</Extensions>
    </Filter>
    <Filter Include="Resource Files">
      <UniqueIdentifier>{67DA6AB6-F800-4c08-8B7A-83BB121AAD01}</UniqueIdentifier>
      <Extensions>rc;ico;cur;bmp;dlg;rc2;rct;bin;rgs;gif;jpg;jpeg;jpe;resx;tiff;tif;png;wav;mfcribbon-ms</Extensions>
    </Filter>
    <Filter Include="Form Files">
      <UniqueIdentifier>{99349809-55BA-4b9d-BF79-8FDBB0286EB3}</UniqueIdentifier>
      <Extensions>ui</Extensions>
    </Filter>
    <Filter Include="Resource Files">
      <UniqueIdentifier>{D9D6E242-F8AF-46E4-B9FD-80ECBC20BA3E}</UniqueIdentifier>
      <Extensions>qrc;*</Extensions>
      <ParseFiles>false</ParseFiles>
    </Filter>
    <Filter Include="Source Files\PythonScriptSystem">
      <UniqueIdentifier>{719154e5-ae8c-433e-91ef-4c2bff1b19c5}</UniqueIdentifier>
    </Filter>
    <Filter Include="Header Files\PythonScriptSystem">
      <UniqueIdentifier>{7267e1c3-d0a5-48f4-8610-dfa6e387199b}</UniqueIdentifier>
    </Filter>
    <Filter Include="Header Files\ConsoleSystem">
      <UniqueIdentifier>{23d89288-aafa-447a-9bbf-bae68b847478}</UniqueIdentifier>
    </Filter>
    <Filter Include="Source Files\ConsoleSystem">
      <UniqueIdentifier>{90f98638-2e42-4007-af9e-d018bc01a3ad}</UniqueIdentifier>
    </Filter>
    <Filter Include="Source Files\GUI">
      <UniqueIdentifier>{bd816b15-5d28-4e45-a851-c7b51b5bb999}</UniqueIdentifier>
    </Filter>
    <Filter Include="Header Files\Utility">
      <UniqueIdentifier>{bff659cc-533c-4664-af13-026faf5b082d}</UniqueIdentifier>
    </Filter>
    <Filter Include="Source Files\Utility">
      <UniqueIdentifier>{a45c5bac-2f71-443b-a69c-77fabaf9f4dc}</UniqueIdentifier>
    </Filter>
    <Filter Include="Header Files\PythonScriptSystem\GUI">
      <UniqueIdentifier>{b2993357-d49d-4af6-a254-5208a15c0cdc}</UniqueIdentifier>
    </Filter>
    <Filter Include="PyScripts">
      <UniqueIdentifier>{fe36e4b5-42a7-4db4-9a0e-3e302fc833c4}</UniqueIdentifier>
    </Filter>
    <Filter Include="PyScripts\BuildIn">
      <UniqueIdentifier>{92354d6f-3a54-4926-8a11-0694fc18e18e}</UniqueIdentifier>
    </Filter>
    <Filter Include="PyScripts\Custom">
      <UniqueIdentifier>{c4340dd1-b31a-4c43-850d-c270f2c412ec}</UniqueIdentifier>
    </Filter>
    <Filter Include="PyScripts\Test">
      <UniqueIdentifier>{e6df441c-b2f6-4e88-8409-a8a0e2d7b123}</UniqueIdentifier>
    </Filter>
  </ItemGroup>
  <ItemGroup>
    <QtRcc Include="CTCMainWindow.qrc">
      <Filter>Resource Files</Filter>
    </QtRcc>
  </ItemGroup>
  <ItemGroup>
    <ClCompile Include="main.cpp">
      <Filter>Source Files</Filter>
    </ClCompile>
    <ClCompile Include="PythonScriptSystem.cpp">
      <Filter>Source Files\PythonScriptSystem</Filter>
    </ClCompile>
    <ClCompile Include="ConsoleListWidget.cpp">
      <Filter>Source Files\GUI</Filter>
    </ClCompile>
    <ClCompile Include="ConsoleMessageItemWidget.cpp">
      <Filter>Source Files\GUI</Filter>
    </ClCompile>
    <ClCompile Include="CTCMainWindow.cpp">
      <Filter>Source Files\GUI</Filter>
    </ClCompile>
    <ClCompile Include="TitleBarWidget.cpp">
      <Filter>Source Files\GUI</Filter>
    </ClCompile>
    <ClCompile Include="QtNavListView.cpp">
      <Filter>Source Files\GUI</Filter>
    </ClCompile>
    <ClCompile Include="QtNavTreeView.cpp">
      <Filter>Source Files\GUI</Filter>
    </ClCompile>
    <ClCompile Include="PythonCodeEditor.cpp">
      <Filter>Source Files</Filter>
    </ClCompile>
    <ClCompile Include="DockTabWidget.cpp">
      <Filter>Source Files</Filter>
    </ClCompile>
    <ClCompile Include="DockTabBar.cpp">
      <Filter>Source Files</Filter>
    </ClCompile>
    <ClCompile Include="WrappedProgressBar.cpp">
      <Filter>Source Files</Filter>
    </ClCompile>
    <ClCompile Include="WrappedWidget.cpp">
      <Filter>Source Files</Filter>
    </ClCompile>
    <ClCompile Include="WrappedTableWidget.cpp">
      <Filter>Source Files</Filter>
    </ClCompile>
    <ClCompile Include="IPAddress.cpp">
      <Filter>Source Files</Filter>
    </ClCompile>
    <ClCompile Include="ConsoleLogic.cpp">
      <Filter>Source Files</Filter>
    </ClCompile>
    <ClCompile Include="IconButton.cpp">
      <Filter>Source Files</Filter>
    </ClCompile>
    <ClCompile Include="SingletonDialog.cpp">
      <Filter>Source Files</Filter>
    </ClCompile>
    <ClCompile Include="ConsoleMessagePool.cpp">
      <Filter>Source Files</Filter>
    </ClCompile>
  </ItemGroup>
  <ItemGroup>
    <QtMoc Include="ConsoleListWidget.h">
      <Filter>Header Files\PythonScriptSystem\GUI</Filter>
    </QtMoc>
    <QtMoc Include="PythonScriptSystem.h">
      <Filter>Header Files\PythonScriptSystem</Filter>
    </QtMoc>
    <QtMoc Include="CTCMainWindow.h">
      <Filter>Header Files\PythonScriptSystem\GUI</Filter>
    </QtMoc>
    <QtMoc Include="TitleBarWidget.h">
      <Filter>Header Files\PythonScriptSystem\GUI</Filter>
    </QtMoc>
    <QtMoc Include="QtNavListView.h">
      <Filter>Header Files\PythonScriptSystem\GUI</Filter>
    </QtMoc>
    <QtMoc Include="QtNavTreeView.h">
      <Filter>Header Files\PythonScriptSystem\GUI</Filter>
    </QtMoc>
    <QtMoc Include="DockTabBar.h">
      <Filter>Header Files</Filter>
    </QtMoc>
    <QtMoc Include="DockTabWidget.h">
      <Filter>Header Files</Filter>
    </QtMoc>
    <QtMoc Include="WrappedProgressBar.h">
      <Filter>Header Files</Filter>
    </QtMoc>
    <QtMoc Include="WrappedWidget.h">
      <Filter>Header Files</Filter>
    </QtMoc>
    <QtMoc Include="WrappedTableWidget.h">
      <Filter>Header Files</Filter>
    </QtMoc>
    <QtMoc Include="IPAddress.h">
      <Filter>Header Files</Filter>
    </QtMoc>
    <QtMoc Include="ConsoleLogic.h">
      <Filter>Header Files</Filter>
    </QtMoc>
  </ItemGroup>
  <ItemGroup>
    <ClInclude Include="Global.h">
      <Filter>Header Files</Filter>
    </ClInclude>
    <ClInclude Include="ConsoleMessageItemWidget.h">
      <Filter>Header Files\PythonScriptSystem\GUI</Filter>
    </ClInclude>
    <ClInclude Include="PythonCodeEditor.h">
      <Filter>Header Files</Filter>
    </ClInclude>
    <ClInclude Include="Utility.h">
      <Filter>Header Files</Filter>
    </ClInclude>
    <ClInclude Include="SingletonDialog.h">
      <Filter>Header Files</Filter>
    </ClInclude>
    <ClInclude Include="IconButton.h">
      <Filter>Resource Files</Filter>
    </ClInclude>
    <ClInclude Include="ConsoleMessagePool.h">
      <Filter>Header Files</Filter>
    </ClInclude>
  </ItemGroup>
  <ItemGroup>
    <QtUic Include="CTCMainWindow.ui">
      <Filter>Resource Files</Filter>
    </QtUic>
  </ItemGroup>
  <ItemGroup>
    <None Include="bin\Scripts\Test\test.py">
      <Filter>PyScripts\Test</Filter>
    </None>
    <None Include="bin\Scripts\Custom\testMenu.py">
      <Filter>PyScripts\Custom</Filter>
    </None>
    <None Include="bin\Scripts\Custom\testWidget.py">
      <Filter>PyScripts\Custom</Filter>
    </None>
    <None Include="bin\Scripts\Custom\Server.py">
      <Filter>PyScripts\Custom</Filter>
    </None>
    <None Include="bin\Scripts\Custom\JitterBug.py">
      <Filter>PyScripts\Custom</Filter>
    </None>
    <None Include="bin\Scripts\Custom\IPCTC.py">
      <Filter>PyScripts\Custom</Filter>
    </None>
    <None Include="bin\Scripts\Custom\CTCBase.py">
      <Filter>PyScripts\Custom</Filter>
    </None>
    <None Include="bin\Scripts\BuildIn\Debug.py">
      <Filter>PyScripts\BuildIn</Filter>
    </None>
    <None Include="bin\Scripts\BuildIn\GUI.py">
      <Filter>PyScripts\BuildIn</Filter>
    </None>
    <None Include="bin\Scripts\BuildIn\GUIUtility.py">
      <Filter>PyScripts\BuildIn</Filter>
    </None>
    <None Include="bin\Scripts\BuildIn\Menu.py">
      <Filter>PyScripts\BuildIn</Filter>
    </None>
    <None Include="bin\Scripts\BuildIn\MenuManager.py">
      <Filter>PyScripts\BuildIn</Filter>
    </None>
    <None Include="bin\Scripts\BuildIn\qt_module_wrapped.pyd">
      <Filter>PyScripts\BuildIn</Filter>
    </None>
  </ItemGroup>
</Project>